<?xml version="1.0" encoding="utf-8"?>
<Project ToolsVersion="4.0" xmlns="http://schemas.microsoft.com/developer/msbuild/2003">
  <ItemGroup>
    <ClCompile Include="GraphicalUserInterface.cpp">
      <Filter>Source Files</Filter>
    </ClCompile>
    <ClCompile Include="..\..\..\..\Documents\Visual Studio 2015\Projects\OOP - lab 5-6\OOP - lab 5-6\main.cpp">
      <Filter>Source Files</Filter>
    </ClCompile>
    <ClCompile Include="Controller.cpp">
      <Filter>Source Files</Filter>
    </ClCompile>
    <ClCompile Include="CSVRepository.cpp">
      <Filter>Source Files</Filter>
    </ClCompile>
    <ClCompile Include="HTMLWatchList.cpp">
      <Filter>Source Files</Filter>
    </ClCompile>
    <ClCompile Include="movie.cpp">
      <Filter>Source Files</Filter>
    </ClCompile>
    <ClCompile Include="MovieValidator.cpp">
      <Filter>Source Files</Filter>
    </ClCompile>
    <ClCompile Include="Repository.cpp">
      <Filter>Source Files</Filter>
    </ClCompile>
    <ClCompile Include="RepositoryExceptions.cpp">
      <Filter>Source Files</Filter>
    </ClCompile>
    <ClCompile Include="Administrator.cpp">
      <Filter>Source Files</Filter>
    </ClCompile>
    <ClCompile Include="UserMode.cpp">
      <Filter>Source Files</Filter>
    </ClCompile>
    <ClCompile Include="DecideMode.cpp">
      <Filter>Source Files</Filter>
    </ClCompile>
  </ItemGroup>
  <ItemGroup>
    <Filter Include="Resource Files">
      <UniqueIdentifier>{D9D6E242-F8AF-46E4-B9FD-80ECBC20BA3E}</UniqueIdentifier>
      <Extensions>qrc;*</Extensions>
      <ParseFiles>false</ParseFiles>
    </Filter>
    <Filter Include="Source Files">
      <UniqueIdentifier>{4FC737F1-C7A5-4376-A066-2A32D752A2FF}</UniqueIdentifier>
      <Extensions>cpp;c;cc;cxx;def;odl;idl;hpj;bat;asm;asmx</Extensions>
      <ParseFiles>true</ParseFiles>
    </Filter>
    <Filter Include="Header Files">
      <UniqueIdentifier>{93995380-89BD-4b04-88EB-625FBE52EBFB}</UniqueIdentifier>
      <Extensions>h;hh;hpp;hxx;hm;inl;inc;xsd</Extensions>
      <ParseFiles>true</ParseFiles>
    </Filter>
    <Filter Include="Form Files">
      <UniqueIdentifier>{99349809-55BA-4b9d-BF79-8FDBB0286EB3}</UniqueIdentifier>
      <Extensions>ui</Extensions>
      <ParseFiles>true</ParseFiles>
    </Filter>
  </ItemGroup>
  <ItemGroup>
    <QtMoc Include="GraphicalUserInterface.h">
      <Filter>Header Files</Filter>
    </QtMoc>
    <QtMoc Include="Administrator.h">
      <Filter>Header Files</Filter>
    </QtMoc>
    <QtMoc Include="UserMode.h">
      <Filter>Header Files</Filter>
    </QtMoc>
    <QtMoc Include="DecideMode.h">
      <Filter>Header Files</Filter>
    </QtMoc>
  </ItemGroup>
  <ItemGroup>
    <QtUic Include="GraphicalUserInterface.ui">
      <Filter>Form Files</Filter>
    </QtUic>
    <QtUic Include="Administrator.ui">
      <Filter>Form Files</Filter>
    </QtUic>
    <QtUic Include="UserMode.ui">
      <Filter>Form Files</Filter>
    </QtUic>
    <QtUic Include="DecideMode.ui">
      <Filter>Form Files</Filter>
    </QtUic>
  </ItemGroup>
  <ItemGroup>
    <QtRcc Include="GraphicalUserInterface.qrc">
      <Filter>Resource Files</Filter>
    </QtRcc>
  </ItemGroup>
  <ItemGroup>
    <ClInclude Include="_movie.h">
      <Filter>Header Files</Filter>
    </ClInclude>
    <ClInclude Include="_MovieValidator.h">
      <Filter>Header Files</Filter>
    </ClInclude>
    <ClInclude Include="_Repository.h">
      <Filter>Header Files</Filter>
    </ClInclude>
    <ClInclude Include="_RepositoryExceptions.h">
      <Filter>Header Files</Filter>
    </ClInclude>
    <ClInclude Include="_HTMLWatchList.h">
      <Filter>Header Files</Filter>
    </ClInclude>
    <ClInclude Include="_CSVRepository.h">
      <Filter>Header Files</Filter>
    </ClInclude>
    <ClInclude Include="_Controller.h">
      <Filter>Header Files</Filter>
    </ClInclude>
  </ItemGroup>
  <ItemGroup>
    <Text Include="movies.txt">
      <Filter>Source Files</Filter>
    </Text>
    <Text Include="ChooseRepository.txt">
      <Filter>Source Files</Filter>
    </Text>
  </ItemGroup>
</Project>